
Microsoft Visual Studio Solution File, Format Version 12.00
# Visual Studio Version 17
VisualStudioVersion = 17.8.34525.116
MinimumVisualStudioVersion = 10.0.40219.1
Project("{FAE04EC0-301F-11D3-BF4B-00C04F79EFBC}") = "Morpher", "Morpher\Morpher.csproj", "{CF2C2F00-8A6C-4291-9FCA-5352D6682BFE}"
EndProject
Global
	GlobalSection(SolutionConfigurationPlatforms) = preSolution
		Debug|Any CPU = Debug|Any CPU
		Release|Any CPU = Release|Any CPU
	EndGlobalSection
	GlobalSection(ProjectConfigurationPlatforms) = postSolution
		{CF2C2F00-8A6C-4291-9FCA-5352D6682BFE}.Debug|Any CPU.ActiveCfg = Debug|Any CPU
		{CF2C2F00-8A6C-4291-9FCA-5352D6682BFE}.Debug|Any CPU.Build.0 = Debug|Any CPU
		{CF2C2F00-8A6C-4291-9FCA-5352D6682BFE}.Release|Any CPU.ActiveCfg = Release|Any CPU
		{CF2C2F00-8A6C-4291-9FCA-5352D6682BFE}.Release|Any CPU.Build.0 = Release|Any CPU
	EndGlobalSection
	GlobalSection(SolutionProperties) = preSolution
		HideSolutionNode = FALSE
	EndGlobalSection
	GlobalSection(ExtensibilityGlobals) = postSolution
		SolutionGuid = {0204AB46-F3AF-475B-A786-596DE8C360F3}
	EndGlobalSection
EndGlobal
